
Microsoft Visual Studio Solution File, Format Version 12.00
# Visual Studio Version 16
VisualStudioVersion = 16.0.30002.166
MinimumVisualStudioVersion = 10.0.40219.1
Project("{FAE04EC0-301F-11D3-BF4B-00C04F79EFBC}") = "P02_HospitalDatabase", "P02_HospitalDatabase\P02_HospitalDatabase.csproj", "{D119A577-8A35-4CCA-8338-DCC2EC56F23D}"
EndProject
Project("{FAE04EC0-301F-11D3-BF4B-00C04F79EFBC}") = "P02_HospitalDatabase.Data", "P02_HospitalDatabase.Data\P02_HospitalDatabase.Data.csproj", "{1AF49D6B-A471-4BEC-974B-7C8D5DA3EA00}"
EndProject
Project("{FAE04EC0-301F-11D3-BF4B-00C04F79EFBC}") = "P02_HospitalDatabase.Data.Models", "P02_HospitalDatabase.Data.Models\P02_HospitalDatabase.Data.Models.csproj", "{D310A57E-ED21-4CF3-B4E6-878473C190A2}"
EndProject
Global
	GlobalSection(SolutionConfigurationPlatforms) = preSolution
		Debug|Any CPU = Debug|Any CPU
		Release|Any CPU = Release|Any CPU
	EndGlobalSection
	GlobalSection(ProjectConfigurationPlatforms) = postSolution
		{D119A577-8A35-4CCA-8338-DCC2EC56F23D}.Debug|Any CPU.ActiveCfg = Debug|Any CPU
		{D119A577-8A35-4CCA-8338-DCC2EC56F23D}.Debug|Any CPU.Build.0 = Debug|Any CPU
		{D119A577-8A35-4CCA-8338-DCC2EC56F23D}.Release|Any CPU.ActiveCfg = Release|Any CPU
		{D119A577-8A35-4CCA-8338-DCC2EC56F23D}.Release|Any CPU.Build.0 = Release|Any CPU
		{1AF49D6B-A471-4BEC-974B-7C8D5DA3EA00}.Debug|Any CPU.ActiveCfg = Debug|Any CPU
		{1AF49D6B-A471-4BEC-974B-7C8D5DA3EA00}.Debug|Any CPU.Build.0 = Debug|Any CPU
		{1AF49D6B-A471-4BEC-974B-7C8D5DA3EA00}.Release|Any CPU.ActiveCfg = Release|Any CPU
		{1AF49D6B-A471-4BEC-974B-7C8D5DA3EA00}.Release|Any CPU.Build.0 = Release|Any CPU
		{D310A57E-ED21-4CF3-B4E6-878473C190A2}.Debug|Any CPU.ActiveCfg = Debug|Any CPU
		{D310A57E-ED21-4CF3-B4E6-878473C190A2}.Debug|Any CPU.Build.0 = Debug|Any CPU
		{D310A57E-ED21-4CF3-B4E6-878473C190A2}.Release|Any CPU.ActiveCfg = Release|Any CPU
		{D310A57E-ED21-4CF3-B4E6-878473C190A2}.Release|Any CPU.Build.0 = Release|Any CPU
	EndGlobalSection
	GlobalSection(SolutionProperties) = preSolution
		HideSolutionNode = FALSE
	EndGlobalSection
	GlobalSection(ExtensibilityGlobals) = postSolution
		SolutionGuid = {C6BCB9F5-510D-49B2-B1AE-D979AE3E5146}
	EndGlobalSection
EndGlobal
