
Microsoft Visual Studio Solution File, Format Version 12.00
# Visual Studio Version 16
VisualStudioVersion = 16.0.30002.166
MinimumVisualStudioVersion = 10.0.40219.1
Project("{FAE04EC0-301F-11D3-BF4B-00C04F79EFBC}") = "02_VillainNames", "02_VillainNames\02_VillainNames.csproj", "{FE9AFF29-9AFF-4FEE-9EBA-C469256FF37F}"
EndProject
Project("{FAE04EC0-301F-11D3-BF4B-00C04F79EFBC}") = "03_MinionNames", "03_MinionNames\03_MinionNames.csproj", "{55ED3999-CACF-42DB-87DA-DEA6A4F89A2E}"
EndProject
Global
	GlobalSection(SolutionConfigurationPlatforms) = preSolution
		Debug|Any CPU = Debug|Any CPU
		Release|Any CPU = Release|Any CPU
	EndGlobalSection
	GlobalSection(ProjectConfigurationPlatforms) = postSolution
		{FE9AFF29-9AFF-4FEE-9EBA-C469256FF37F}.Debug|Any CPU.ActiveCfg = Debug|Any CPU
		{FE9AFF29-9AFF-4FEE-9EBA-C469256FF37F}.Debug|Any CPU.Build.0 = Debug|Any CPU
		{FE9AFF29-9AFF-4FEE-9EBA-C469256FF37F}.Release|Any CPU.ActiveCfg = Release|Any CPU
		{FE9AFF29-9AFF-4FEE-9EBA-C469256FF37F}.Release|Any CPU.Build.0 = Release|Any CPU
		{55ED3999-CACF-42DB-87DA-DEA6A4F89A2E}.Debug|Any CPU.ActiveCfg = Debug|Any CPU
		{55ED3999-CACF-42DB-87DA-DEA6A4F89A2E}.Debug|Any CPU.Build.0 = Debug|Any CPU
		{55ED3999-CACF-42DB-87DA-DEA6A4F89A2E}.Release|Any CPU.ActiveCfg = Release|Any CPU
		{55ED3999-CACF-42DB-87DA-DEA6A4F89A2E}.Release|Any CPU.Build.0 = Release|Any CPU
	EndGlobalSection
	GlobalSection(SolutionProperties) = preSolution
		HideSolutionNode = FALSE
	EndGlobalSection
	GlobalSection(ExtensibilityGlobals) = postSolution
		SolutionGuid = {80CD8EF9-5A65-474C-AAE5-6D36FBD43214}
	EndGlobalSection
EndGlobal
