
Microsoft Visual Studio Solution File, Format Version 12.00
# Visual Studio Version 16
VisualStudioVersion = 16.0.30002.166
MinimumVisualStudioVersion = 10.0.40219.1
Project("{FAE04EC0-301F-11D3-BF4B-00C04F79EFBC}") = "01_PersonInfo", "PersonInfo\01_PersonInfo.csproj", "{7A309B93-49E0-43F7-91D0-8AD13C2B2112}"
EndProject
Project("{FAE04EC0-301F-11D3-BF4B-00C04F79EFBC}") = "02_Telephony", "Telephony\02_Telephony.csproj", "{930E938C-B40C-485E-A03D-367259D65AAC}"
EndProject
Project("{FAE04EC0-301F-11D3-BF4B-00C04F79EFBC}") = "03_BorderControl", "BorderControl\03_BorderControl.csproj", "{C9C5AF3A-4C85-4C5E-9D89-38008120736A}"
EndProject
Global
	GlobalSection(SolutionConfigurationPlatforms) = preSolution
		Debug|Any CPU = Debug|Any CPU
		Release|Any CPU = Release|Any CPU
	EndGlobalSection
	GlobalSection(ProjectConfigurationPlatforms) = postSolution
		{7A309B93-49E0-43F7-91D0-8AD13C2B2112}.Debug|Any CPU.ActiveCfg = Debug|Any CPU
		{7A309B93-49E0-43F7-91D0-8AD13C2B2112}.Debug|Any CPU.Build.0 = Debug|Any CPU
		{7A309B93-49E0-43F7-91D0-8AD13C2B2112}.Release|Any CPU.ActiveCfg = Release|Any CPU
		{7A309B93-49E0-43F7-91D0-8AD13C2B2112}.Release|Any CPU.Build.0 = Release|Any CPU
		{930E938C-B40C-485E-A03D-367259D65AAC}.Debug|Any CPU.ActiveCfg = Debug|Any CPU
		{930E938C-B40C-485E-A03D-367259D65AAC}.Debug|Any CPU.Build.0 = Debug|Any CPU
		{930E938C-B40C-485E-A03D-367259D65AAC}.Release|Any CPU.ActiveCfg = Release|Any CPU
		{930E938C-B40C-485E-A03D-367259D65AAC}.Release|Any CPU.Build.0 = Release|Any CPU
		{C9C5AF3A-4C85-4C5E-9D89-38008120736A}.Debug|Any CPU.ActiveCfg = Debug|Any CPU
		{C9C5AF3A-4C85-4C5E-9D89-38008120736A}.Debug|Any CPU.Build.0 = Debug|Any CPU
		{C9C5AF3A-4C85-4C5E-9D89-38008120736A}.Release|Any CPU.ActiveCfg = Release|Any CPU
		{C9C5AF3A-4C85-4C5E-9D89-38008120736A}.Release|Any CPU.Build.0 = Release|Any CPU
	EndGlobalSection
	GlobalSection(SolutionProperties) = preSolution
		HideSolutionNode = FALSE
	EndGlobalSection
	GlobalSection(ExtensibilityGlobals) = postSolution
		SolutionGuid = {68DAAC1C-6413-42C2-8E80-88A62E29C78B}
	EndGlobalSection
EndGlobal
